
Microsoft Visual Studio Solution File, Format Version 12.00
# Visual Studio Version 17
VisualStudioVersion = 17.14.36804.6
MinimumVisualStudioVersion = 10.0.40219.1
Project("{FAE04EC0-301F-11D3-BF4B-00C04F79EFBC}") = "StockService.Application", "StockService.Application\StockService.Application.csproj", "{261CD92C-1A63-462E-9CAB-CBC71E36BFE4}"
EndProject
Project("{FAE04EC0-301F-11D3-BF4B-00C04F79EFBC}") = "StockService.Infrastructure", "StockService.Infrastructure\StockService.Infrastructure.csproj", "{65915A3F-E07A-4F95-A069-1BC5921029D9}"
EndProject
Project("{FAE04EC0-301F-11D3-BF4B-00C04F79EFBC}") = "StockService.API", "StockService.API\StockService.API.csproj", "{94FF4175-D469-444A-909D-CCAE44C559BF}"
EndProject
Project("{FAE04EC0-301F-11D3-BF4B-00C04F79EFBC}") = "StockService.Worker", "StockService.Worker\StockService.Worker.csproj", "{0CF159E7-C426-4154-9D57-D750B5CA8AE0}"
EndProject
Global
	GlobalSection(SolutionConfigurationPlatforms) = preSolution
		Debug|Any CPU = Debug|Any CPU
		Debug|x64 = Debug|x64
		Debug|x86 = Debug|x86
		Release|Any CPU = Release|Any CPU
		Release|x64 = Release|x64
		Release|x86 = Release|x86
	EndGlobalSection
	GlobalSection(ProjectConfigurationPlatforms) = postSolution
		{261CD92C-1A63-462E-9CAB-CBC71E36BFE4}.Debug|Any CPU.ActiveCfg = Debug|Any CPU
		{261CD92C-1A63-462E-9CAB-CBC71E36BFE4}.Debug|Any CPU.Build.0 = Debug|Any CPU
		{261CD92C-1A63-462E-9CAB-CBC71E36BFE4}.Debug|x64.ActiveCfg = Debug|Any CPU
		{261CD92C-1A63-462E-9CAB-CBC71E36BFE4}.Debug|x64.Build.0 = Debug|Any CPU
		{261CD92C-1A63-462E-9CAB-CBC71E36BFE4}.Debug|x86.ActiveCfg = Debug|Any CPU
		{261CD92C-1A63-462E-9CAB-CBC71E36BFE4}.Debug|x86.Build.0 = Debug|Any CPU
		{261CD92C-1A63-462E-9CAB-CBC71E36BFE4}.Release|Any CPU.ActiveCfg = Release|Any CPU
		{261CD92C-1A63-462E-9CAB-CBC71E36BFE4}.Release|Any CPU.Build.0 = Release|Any CPU
		{261CD92C-1A63-462E-9CAB-CBC71E36BFE4}.Release|x64.ActiveCfg = Release|Any CPU
		{261CD92C-1A63-462E-9CAB-CBC71E36BFE4}.Release|x64.Build.0 = Release|Any CPU
		{261CD92C-1A63-462E-9CAB-CBC71E36BFE4}.Release|x86.ActiveCfg = Release|Any CPU
		{261CD92C-1A63-462E-9CAB-CBC71E36BFE4}.Release|x86.Build.0 = Release|Any CPU
		{65915A3F-E07A-4F95-A069-1BC5921029D9}.Debug|Any CPU.ActiveCfg = Debug|Any CPU
		{65915A3F-E07A-4F95-A069-1BC5921029D9}.Debug|Any CPU.Build.0 = Debug|Any CPU
		{65915A3F-E07A-4F95-A069-1BC5921029D9}.Debug|x64.ActiveCfg = Debug|Any CPU
		{65915A3F-E07A-4F95-A069-1BC5921029D9}.Debug|x64.Build.0 = Debug|Any CPU
		{65915A3F-E07A-4F95-A069-1BC5921029D9}.Debug|x86.ActiveCfg = Debug|Any CPU
		{65915A3F-E07A-4F95-A069-1BC5921029D9}.Debug|x86.Build.0 = Debug|Any CPU
		{65915A3F-E07A-4F95-A069-1BC5921029D9}.Release|Any CPU.ActiveCfg = Release|Any CPU
		{65915A3F-E07A-4F95-A069-1BC5921029D9}.Release|Any CPU.Build.0 = Release|Any CPU
		{65915A3F-E07A-4F95-A069-1BC5921029D9}.Release|x64.ActiveCfg = Release|Any CPU
		{65915A3F-E07A-4F95-A069-1BC5921029D9}.Release|x64.Build.0 = Release|Any CPU
		{65915A3F-E07A-4F95-A069-1BC5921029D9}.Release|x86.ActiveCfg = Release|Any CPU
		{65915A3F-E07A-4F95-A069-1BC5921029D9}.Release|x86.Build.0 = Release|Any CPU
		{94FF4175-D469-444A-909D-CCAE44C559BF}.Debug|Any CPU.ActiveCfg = Debug|Any CPU
		{94FF4175-D469-444A-909D-CCAE44C559BF}.Debug|Any CPU.Build.0 = Debug|Any CPU
		{94FF4175-D469-444A-909D-CCAE44C559BF}.Debug|x64.ActiveCfg = Debug|Any CPU
		{94FF4175-D469-444A-909D-CCAE44C559BF}.Debug|x64.Build.0 = Debug|Any CPU
		{94FF4175-D469-444A-909D-CCAE44C559BF}.Debug|x86.ActiveCfg = Debug|Any CPU
		{94FF4175-D469-444A-909D-CCAE44C559BF}.Debug|x86.Build.0 = Debug|Any CPU
		{94FF4175-D469-444A-909D-CCAE44C559BF}.Release|Any CPU.ActiveCfg = Release|Any CPU
		{94FF4175-D469-444A-909D-CCAE44C559BF}.Release|Any CPU.Build.0 = Release|Any CPU
		{94FF4175-D469-444A-909D-CCAE44C559BF}.Release|x64.ActiveCfg = Release|Any CPU
		{94FF4175-D469-444A-909D-CCAE44C559BF}.Release|x64.Build.0 = Release|Any CPU
		{94FF4175-D469-444A-909D-CCAE44C559BF}.Release|x86.ActiveCfg = Release|Any CPU
		{94FF4175-D469-444A-909D-CCAE44C559BF}.Release|x86.Build.0 = Release|Any CPU
		{0CF159E7-C426-4154-9D57-D750B5CA8AE0}.Debug|Any CPU.ActiveCfg = Debug|Any CPU
		{0CF159E7-C426-4154-9D57-D750B5CA8AE0}.Debug|Any CPU.Build.0 = Debug|Any CPU
		{0CF159E7-C426-4154-9D57-D750B5CA8AE0}.Debug|x64.ActiveCfg = Debug|Any CPU
		{0CF159E7-C426-4154-9D57-D750B5CA8AE0}.Debug|x64.Build.0 = Debug|Any CPU
		{0CF159E7-C426-4154-9D57-D750B5CA8AE0}.Debug|x86.ActiveCfg = Debug|Any CPU
		{0CF159E7-C426-4154-9D57-D750B5CA8AE0}.Debug|x86.Build.0 = Debug|Any CPU
		{0CF159E7-C426-4154-9D57-D750B5CA8AE0}.Release|Any CPU.ActiveCfg = Release|Any CPU
		{0CF159E7-C426-4154-9D57-D750B5CA8AE0}.Release|Any CPU.Build.0 = Release|Any CPU
		{0CF159E7-C426-4154-9D57-D750B5CA8AE0}.Release|x64.ActiveCfg = Release|Any CPU
		{0CF159E7-C426-4154-9D57-D750B5CA8AE0}.Release|x64.Build.0 = Release|Any CPU
		{0CF159E7-C426-4154-9D57-D750B5CA8AE0}.Release|x86.ActiveCfg = Release|Any CPU
		{0CF159E7-C426-4154-9D57-D750B5CA8AE0}.Release|x86.Build.0 = Release|Any CPU
	EndGlobalSection
	GlobalSection(SolutionProperties) = preSolution
		HideSolutionNode = FALSE
	EndGlobalSection
	GlobalSection(ExtensibilityGlobals) = postSolution
		SolutionGuid = {327D7E1F-7715-4AEC-B067-7D0F751AD1E3}
	EndGlobalSection
EndGlobal
