
Microsoft Visual Studio Solution File, Format Version 12.00
# Visual Studio Version 17
VisualStudioVersion = 17.14.36804.6
MinimumVisualStudioVersion = 10.0.40219.1
Project("{FAE04EC0-301F-11D3-BF4B-00C04F79EFBC}") = "OrderService.Application", "OrderService.Application\OrderService.Application.csproj", "{8EA87A1A-086D-4499-A7B2-F929D60E1B8D}"
EndProject
Project("{FAE04EC0-301F-11D3-BF4B-00C04F79EFBC}") = "OrderService.Infrastructure", "OrderService.Infrastructure\OrderService.Infrastructure.csproj", "{5CB8B43E-B0C3-4562-973E-2D1760D1B046}"
EndProject
Project("{FAE04EC0-301F-11D3-BF4B-00C04F79EFBC}") = "OrderService.Api", "OrderService.Api\OrderService.Api.csproj", "{4185D0F3-B1CA-4B02-9696-73FBD1DF0CD5}"
EndProject
Project("{FAE04EC0-301F-11D3-BF4B-00C04F79EFBC}") = "OrderService.Worker", "OrderService.Worker\OrderService.Worker.csproj", "{5A699090-C94B-4B62-BA29-B6567C3EB791}"
EndProject
Global
	GlobalSection(SolutionConfigurationPlatforms) = preSolution
		Debug|Any CPU = Debug|Any CPU
		Debug|x64 = Debug|x64
		Debug|x86 = Debug|x86
		Release|Any CPU = Release|Any CPU
		Release|x64 = Release|x64
		Release|x86 = Release|x86
	EndGlobalSection
	GlobalSection(ProjectConfigurationPlatforms) = postSolution
		{8EA87A1A-086D-4499-A7B2-F929D60E1B8D}.Debug|Any CPU.ActiveCfg = Debug|Any CPU
		{8EA87A1A-086D-4499-A7B2-F929D60E1B8D}.Debug|Any CPU.Build.0 = Debug|Any CPU
		{8EA87A1A-086D-4499-A7B2-F929D60E1B8D}.Debug|x64.ActiveCfg = Debug|Any CPU
		{8EA87A1A-086D-4499-A7B2-F929D60E1B8D}.Debug|x64.Build.0 = Debug|Any CPU
		{8EA87A1A-086D-4499-A7B2-F929D60E1B8D}.Debug|x86.ActiveCfg = Debug|Any CPU
		{8EA87A1A-086D-4499-A7B2-F929D60E1B8D}.Debug|x86.Build.0 = Debug|Any CPU
		{8EA87A1A-086D-4499-A7B2-F929D60E1B8D}.Release|Any CPU.ActiveCfg = Release|Any CPU
		{8EA87A1A-086D-4499-A7B2-F929D60E1B8D}.Release|Any CPU.Build.0 = Release|Any CPU
		{8EA87A1A-086D-4499-A7B2-F929D60E1B8D}.Release|x64.ActiveCfg = Release|Any CPU
		{8EA87A1A-086D-4499-A7B2-F929D60E1B8D}.Release|x64.Build.0 = Release|Any CPU
		{8EA87A1A-086D-4499-A7B2-F929D60E1B8D}.Release|x86.ActiveCfg = Release|Any CPU
		{8EA87A1A-086D-4499-A7B2-F929D60E1B8D}.Release|x86.Build.0 = Release|Any CPU
		{5CB8B43E-B0C3-4562-973E-2D1760D1B046}.Debug|Any CPU.ActiveCfg = Debug|Any CPU
		{5CB8B43E-B0C3-4562-973E-2D1760D1B046}.Debug|Any CPU.Build.0 = Debug|Any CPU
		{5CB8B43E-B0C3-4562-973E-2D1760D1B046}.Debug|x64.ActiveCfg = Debug|Any CPU
		{5CB8B43E-B0C3-4562-973E-2D1760D1B046}.Debug|x64.Build.0 = Debug|Any CPU
		{5CB8B43E-B0C3-4562-973E-2D1760D1B046}.Debug|x86.ActiveCfg = Debug|Any CPU
		{5CB8B43E-B0C3-4562-973E-2D1760D1B046}.Debug|x86.Build.0 = Debug|Any CPU
		{5CB8B43E-B0C3-4562-973E-2D1760D1B046}.Release|Any CPU.ActiveCfg = Release|Any CPU
		{5CB8B43E-B0C3-4562-973E-2D1760D1B046}.Release|Any CPU.Build.0 = Release|Any CPU
		{5CB8B43E-B0C3-4562-973E-2D1760D1B046}.Release|x64.ActiveCfg = Release|Any CPU
		{5CB8B43E-B0C3-4562-973E-2D1760D1B046}.Release|x64.Build.0 = Release|Any CPU
		{5CB8B43E-B0C3-4562-973E-2D1760D1B046}.Release|x86.ActiveCfg = Release|Any CPU
		{5CB8B43E-B0C3-4562-973E-2D1760D1B046}.Release|x86.Build.0 = Release|Any CPU
		{4185D0F3-B1CA-4B02-9696-73FBD1DF0CD5}.Debug|Any CPU.ActiveCfg = Debug|Any CPU
		{4185D0F3-B1CA-4B02-9696-73FBD1DF0CD5}.Debug|Any CPU.Build.0 = Debug|Any CPU
		{4185D0F3-B1CA-4B02-9696-73FBD1DF0CD5}.Debug|x64.ActiveCfg = Debug|Any CPU
		{4185D0F3-B1CA-4B02-9696-73FBD1DF0CD5}.Debug|x64.Build.0 = Debug|Any CPU
		{4185D0F3-B1CA-4B02-9696-73FBD1DF0CD5}.Debug|x86.ActiveCfg = Debug|Any CPU
		{4185D0F3-B1CA-4B02-9696-73FBD1DF0CD5}.Debug|x86.Build.0 = Debug|Any CPU
		{4185D0F3-B1CA-4B02-9696-73FBD1DF0CD5}.Release|Any CPU.ActiveCfg = Release|Any CPU
		{4185D0F3-B1CA-4B02-9696-73FBD1DF0CD5}.Release|Any CPU.Build.0 = Release|Any CPU
		{4185D0F3-B1CA-4B02-9696-73FBD1DF0CD5}.Release|x64.ActiveCfg = Release|Any CPU
		{4185D0F3-B1CA-4B02-9696-73FBD1DF0CD5}.Release|x64.Build.0 = Release|Any CPU
		{4185D0F3-B1CA-4B02-9696-73FBD1DF0CD5}.Release|x86.ActiveCfg = Release|Any CPU
		{4185D0F3-B1CA-4B02-9696-73FBD1DF0CD5}.Release|x86.Build.0 = Release|Any CPU
		{5A699090-C94B-4B62-BA29-B6567C3EB791}.Debug|Any CPU.ActiveCfg = Debug|Any CPU
		{5A699090-C94B-4B62-BA29-B6567C3EB791}.Debug|Any CPU.Build.0 = Debug|Any CPU
		{5A699090-C94B-4B62-BA29-B6567C3EB791}.Debug|x64.ActiveCfg = Debug|Any CPU
		{5A699090-C94B-4B62-BA29-B6567C3EB791}.Debug|x64.Build.0 = Debug|Any CPU
		{5A699090-C94B-4B62-BA29-B6567C3EB791}.Debug|x86.ActiveCfg = Debug|Any CPU
		{5A699090-C94B-4B62-BA29-B6567C3EB791}.Debug|x86.Build.0 = Debug|Any CPU
		{5A699090-C94B-4B62-BA29-B6567C3EB791}.Release|Any CPU.ActiveCfg = Release|Any CPU
		{5A699090-C94B-4B62-BA29-B6567C3EB791}.Release|Any CPU.Build.0 = Release|Any CPU
		{5A699090-C94B-4B62-BA29-B6567C3EB791}.Release|x64.ActiveCfg = Release|Any CPU
		{5A699090-C94B-4B62-BA29-B6567C3EB791}.Release|x64.Build.0 = Release|Any CPU
		{5A699090-C94B-4B62-BA29-B6567C3EB791}.Release|x86.ActiveCfg = Release|Any CPU
		{5A699090-C94B-4B62-BA29-B6567C3EB791}.Release|x86.Build.0 = Release|Any CPU
	EndGlobalSection
	GlobalSection(SolutionProperties) = preSolution
		HideSolutionNode = FALSE
	EndGlobalSection
	GlobalSection(ExtensibilityGlobals) = postSolution
		SolutionGuid = {435813FD-274A-4795-8CE5-2DFF71A0F20B}
	EndGlobalSection
EndGlobal
